
Microsoft Visual Studio Solution File, Format Version 12.00
# Visual Studio Version 16
VisualStudioVersion = 16.0.30114.105
MinimumVisualStudioVersion = 10.0.40219.1
Project("{FAE04EC0-301F-11D3-BF4B-00C04F79EFBC}") = "API", "API\API.csproj", "{1309CD7C-04ED-4EE6-B7D0-F0902B6AB6BF}"
EndProject
Project("{FAE04EC0-301F-11D3-BF4B-00C04F79EFBC}") = "Application", "Application\Application.csproj", "{F63EDA9C-464A-44D2-93F4-64E37957F70E}"
EndProject
Project("{FAE04EC0-301F-11D3-BF4B-00C04F79EFBC}") = "Presistence", "Presistence\Presistence.csproj", "{8DFD8046-6A6E-4AFF-BCBF-3ECD70F62006}"
EndProject
Project("{FAE04EC0-301F-11D3-BF4B-00C04F79EFBC}") = "Domain", "Domain\Domain.csproj", "{D37F21F3-78F8-4698-A527-D844E9BE988F}"
EndProject
Global
	GlobalSection(SolutionConfigurationPlatforms) = preSolution
		Debug|Any CPU = Debug|Any CPU
		Debug|x64 = Debug|x64
		Debug|x86 = Debug|x86
		Release|Any CPU = Release|Any CPU
		Release|x64 = Release|x64
		Release|x86 = Release|x86
	EndGlobalSection
	GlobalSection(SolutionProperties) = preSolution
		HideSolutionNode = FALSE
	EndGlobalSection
	GlobalSection(ProjectConfigurationPlatforms) = postSolution
		{1309CD7C-04ED-4EE6-B7D0-F0902B6AB6BF}.Debug|Any CPU.ActiveCfg = Debug|Any CPU
		{1309CD7C-04ED-4EE6-B7D0-F0902B6AB6BF}.Debug|Any CPU.Build.0 = Debug|Any CPU
		{1309CD7C-04ED-4EE6-B7D0-F0902B6AB6BF}.Debug|x64.ActiveCfg = Debug|Any CPU
		{1309CD7C-04ED-4EE6-B7D0-F0902B6AB6BF}.Debug|x64.Build.0 = Debug|Any CPU
		{1309CD7C-04ED-4EE6-B7D0-F0902B6AB6BF}.Debug|x86.ActiveCfg = Debug|Any CPU
		{1309CD7C-04ED-4EE6-B7D0-F0902B6AB6BF}.Debug|x86.Build.0 = Debug|Any CPU
		{1309CD7C-04ED-4EE6-B7D0-F0902B6AB6BF}.Release|Any CPU.ActiveCfg = Release|Any CPU
		{1309CD7C-04ED-4EE6-B7D0-F0902B6AB6BF}.Release|Any CPU.Build.0 = Release|Any CPU
		{1309CD7C-04ED-4EE6-B7D0-F0902B6AB6BF}.Release|x64.ActiveCfg = Release|Any CPU
		{1309CD7C-04ED-4EE6-B7D0-F0902B6AB6BF}.Release|x64.Build.0 = Release|Any CPU
		{1309CD7C-04ED-4EE6-B7D0-F0902B6AB6BF}.Release|x86.ActiveCfg = Release|Any CPU
		{1309CD7C-04ED-4EE6-B7D0-F0902B6AB6BF}.Release|x86.Build.0 = Release|Any CPU
		{F63EDA9C-464A-44D2-93F4-64E37957F70E}.Debug|Any CPU.ActiveCfg = Debug|Any CPU
		{F63EDA9C-464A-44D2-93F4-64E37957F70E}.Debug|Any CPU.Build.0 = Debug|Any CPU
		{F63EDA9C-464A-44D2-93F4-64E37957F70E}.Debug|x64.ActiveCfg = Debug|Any CPU
		{F63EDA9C-464A-44D2-93F4-64E37957F70E}.Debug|x64.Build.0 = Debug|Any CPU
		{F63EDA9C-464A-44D2-93F4-64E37957F70E}.Debug|x86.ActiveCfg = Debug|Any CPU
		{F63EDA9C-464A-44D2-93F4-64E37957F70E}.Debug|x86.Build.0 = Debug|Any CPU
		{F63EDA9C-464A-44D2-93F4-64E37957F70E}.Release|Any CPU.ActiveCfg = Release|Any CPU
		{F63EDA9C-464A-44D2-93F4-64E37957F70E}.Release|Any CPU.Build.0 = Release|Any CPU
		{F63EDA9C-464A-44D2-93F4-64E37957F70E}.Release|x64.ActiveCfg = Release|Any CPU
		{F63EDA9C-464A-44D2-93F4-64E37957F70E}.Release|x64.Build.0 = Release|Any CPU
		{F63EDA9C-464A-44D2-93F4-64E37957F70E}.Release|x86.ActiveCfg = Release|Any CPU
		{F63EDA9C-464A-44D2-93F4-64E37957F70E}.Release|x86.Build.0 = Release|Any CPU
		{8DFD8046-6A6E-4AFF-BCBF-3ECD70F62006}.Debug|Any CPU.ActiveCfg = Debug|Any CPU
		{8DFD8046-6A6E-4AFF-BCBF-3ECD70F62006}.Debug|Any CPU.Build.0 = Debug|Any CPU
		{8DFD8046-6A6E-4AFF-BCBF-3ECD70F62006}.Debug|x64.ActiveCfg = Debug|Any CPU
		{8DFD8046-6A6E-4AFF-BCBF-3ECD70F62006}.Debug|x64.Build.0 = Debug|Any CPU
		{8DFD8046-6A6E-4AFF-BCBF-3ECD70F62006}.Debug|x86.ActiveCfg = Debug|Any CPU
		{8DFD8046-6A6E-4AFF-BCBF-3ECD70F62006}.Debug|x86.Build.0 = Debug|Any CPU
		{8DFD8046-6A6E-4AFF-BCBF-3ECD70F62006}.Release|Any CPU.ActiveCfg = Release|Any CPU
		{8DFD8046-6A6E-4AFF-BCBF-3ECD70F62006}.Release|Any CPU.Build.0 = Release|Any CPU
		{8DFD8046-6A6E-4AFF-BCBF-3ECD70F62006}.Release|x64.ActiveCfg = Release|Any CPU
		{8DFD8046-6A6E-4AFF-BCBF-3ECD70F62006}.Release|x64.Build.0 = Release|Any CPU
		{8DFD8046-6A6E-4AFF-BCBF-3ECD70F62006}.Release|x86.ActiveCfg = Release|Any CPU
		{8DFD8046-6A6E-4AFF-BCBF-3ECD70F62006}.Release|x86.Build.0 = Release|Any CPU
		{D37F21F3-78F8-4698-A527-D844E9BE988F}.Debug|Any CPU.ActiveCfg = Debug|Any CPU
		{D37F21F3-78F8-4698-A527-D844E9BE988F}.Debug|Any CPU.Build.0 = Debug|Any CPU
		{D37F21F3-78F8-4698-A527-D844E9BE988F}.Debug|x64.ActiveCfg = Debug|Any CPU
		{D37F21F3-78F8-4698-A527-D844E9BE988F}.Debug|x64.Build.0 = Debug|Any CPU
		{D37F21F3-78F8-4698-A527-D844E9BE988F}.Debug|x86.ActiveCfg = Debug|Any CPU
		{D37F21F3-78F8-4698-A527-D844E9BE988F}.Debug|x86.Build.0 = Debug|Any CPU
		{D37F21F3-78F8-4698-A527-D844E9BE988F}.Release|Any CPU.ActiveCfg = Release|Any CPU
		{D37F21F3-78F8-4698-A527-D844E9BE988F}.Release|Any CPU.Build.0 = Release|Any CPU
		{D37F21F3-78F8-4698-A527-D844E9BE988F}.Release|x64.ActiveCfg = Release|Any CPU
		{D37F21F3-78F8-4698-A527-D844E9BE988F}.Release|x64.Build.0 = Release|Any CPU
		{D37F21F3-78F8-4698-A527-D844E9BE988F}.Release|x86.ActiveCfg = Release|Any CPU
		{D37F21F3-78F8-4698-A527-D844E9BE988F}.Release|x86.Build.0 = Release|Any CPU
	EndGlobalSection
EndGlobal
